// !$*UTF8*$!
{
	archiveVersion = 1;
	classes = {
	};
	objectVersion = 50;
	objects = {

/* Begin PBXBuildFile section */
		A251E245235F5BAD002ED83F /* CollectionViewCell.swift in Sources */ = {isa = PBXBuildFile; fileRef = A251E244235F5BAD002ED83F /* CollectionViewCell.swift */; };
		A251E247235F5F24002ED83F /* Extensions.swift in Sources */ = {isa = PBXBuildFile; fileRef = A251E246235F5F24002ED83F /* Extensions.swift */; };
		A251E24B235F70E2002ED83F /* HorizontalInfiniteScrollProcessor.swift in Sources */ = {isa = PBXBuildFile; fileRef = A251E24A235F70E2002ED83F /* HorizontalInfiniteScrollProcessor.swift */; };
		A29A92D5235E3A7F00356316 /* AppDelegate.swift in Sources */ = {isa = PBXBuildFile; fileRef = A29A92D4235E3A7F00356316 /* AppDelegate.swift */; };
		A29A92D7235E3A7F00356316 /* ViewController.swift in Sources */ = {isa = PBXBuildFile; fileRef = A29A92D6235E3A7F00356316 /* ViewController.swift */; };
		A29A92DA235E3A7F00356316 /* Main.storyboard in Resources */ = {isa = PBXBuildFile; fileRef = A29A92D8235E3A7F00356316 /* Main.storyboard */; };
		A29A92DC235E3A8000356316 /* Assets.xcassets in Resources */ = {isa = PBXBuildFile; fileRef = A29A92DB235E3A8000356316 /* Assets.xcassets */; };
		A29A92DF235E3A8000356316 /* LaunchScreen.storyboard in Resources */ = {isa = PBXBuildFile; fileRef = A29A92DD235E3A8000356316 /* LaunchScreen.storyboard */; };
/* End PBXBuildFile section */

/* Begin PBXFileReference section */
		A251E244235F5BAD002ED83F /* CollectionViewCell.swift */ = {isa = PBXFileReference; lastKnownFileType = sourcecode.swift; path = CollectionViewCell.swift; sourceTree = "<group>"; };
		A251E246235F5F24002ED83F /* Extensions.swift */ = {isa = PBXFileReference; lastKnownFileType = sourcecode.swift; path = Extensions.swift; sourceTree = "<group>"; };
		A251E24A235F70E2002ED83F /* HorizontalInfiniteScrollProcessor.swift */ = {isa = PBXFileReference; lastKnownFileType = sourcecode.swift; path = HorizontalInfiniteScrollProcessor.swift; sourceTree = "<group>"; };
		A29A92D1235E3A7F00356316 /* infiniteScroll.app */ = {isa = PBXFileReference; explicitFileType = wrapper.application; includeInIndex = 0; path = infiniteScroll.app; sourceTree = BUILT_PRODUCTS_DIR; };
		A29A92D4235E3A7F00356316 /* AppDelegate.swift */ = {isa = PBXFileReference; lastKnownFileType = sourcecode.swift; path = AppDelegate.swift; sourceTree = "<group>"; };
		A29A92D6235E3A7F00356316 /* ViewController.swift */ = {isa = PBXFileReference; lastKnownFileType = sourcecode.swift; path = ViewController.swift; sourceTree = "<group>"; };
		A29A92D9235E3A7F00356316 /* Base */ = {isa = PBXFileReference; lastKnownFileType = file.storyboard; name = Base; path = Base.lproj/Main.storyboard; sourceTree = "<group>"; };
		A29A92DB235E3A8000356316 /* Assets.xcassets */ = {isa = PBXFileReference; lastKnownFileType = folder.assetcatalog; path = Assets.xcassets; sourceTree = "<group>"; };
		A29A92DE235E3A8000356316 /* Base */ = {isa = PBXFileReference; lastKnownFileType = file.storyboard; name = Base; path = Base.lproj/LaunchScreen.storyboard; sourceTree = "<group>"; };
		A29A92E0235E3A8000356316 /* Info.plist */ = {isa = PBXFileReference; lastKnownFileType = text.plist.xml; path = Info.plist; sourceTree = "<group>"; };
/* End PBXFileReference section */

/* Begin PBXFrameworksBuildPhase section */
		A29A92CE235E3A7F00356316 /* Frameworks */ = {
			isa = PBXFrameworksBuildPhase;
			buildActionMask = 2147483647;
			files = (
			);
			runOnlyForDeploymentPostprocessing = 0;
		};
/* End PBXFrameworksBuildPhase section */

/* Begin PBXGroup section */
		A29A92C8235E3A7F00356316 = {
			isa = PBXGroup;
			children = (
				A29A92D3235E3A7F00356316 /* infiniteScroll */,
				A29A92D2235E3A7F00356316 /* Products */,
			);
			sourceTree = "<group>";
		};
		A29A92D2235E3A7F00356316 /* Products */ = {
			isa = PBXGroup;
			children = (
				A29A92D1235E3A7F00356316 /* infiniteScroll.app */,
			);
			name = Products;
			sourceTree = "<group>";
		};
		A29A92D3235E3A7F00356316 /* infiniteScroll */ = {
			isa = PBXGroup;
			children = (
				A29A92D4235E3A7F00356316 /* AppDelegate.swift */,
				A251E244235F5BAD002ED83F /* CollectionViewCell.swift */,
				A251E246235F5F24002ED83F /* Extensions.swift */,
				A251E24A235F70E2002ED83F /* HorizontalInfiniteScrollProcessor.swift */,
				A29A92E0235E3A8000356316 /* Info.plist */,
				A29A92DD235E3A8000356316 /* LaunchScreen.storyboard */,
				A29A92D8235E3A7F00356316 /* Main.storyboard */,
				A29A92D6235E3A7F00356316 /* ViewController.swift */,
				A29A92DB235E3A8000356316 /* Assets.xcassets */,
			);
			path = infiniteScroll;
			sourceTree = "<group>";
		};
/* End PBXGroup section */

/* Begin PBXNativeTarget section */
		A29A92D0235E3A7F00356316 /* infiniteScroll */ = {
			isa = PBXNativeTarget;
			buildConfigurationList = A29A92E3235E3A8000356316 /* Build configuration list for PBXNativeTarget "infiniteScroll" */;
			buildPhases = (
				A29A92CD235E3A7F00356316 /* Sources */,
				A29A92CE235E3A7F00356316 /* Frameworks */,
				A29A92CF235E3A7F00356316 /* Resources */,
			);
			buildRules = (
			);
			dependencies = (
			);
			name = infiniteScroll;
			productName = infiniteScroll;
			productReference = A29A92D1235E3A7F00356316 /* infiniteScroll.app */;
			productType = "com.apple.product-type.application";
		};
/* End PBXNativeTarget section */

/* Begin PBXProject section */
		A29A92C9235E3A7F00356316 /* Project object */ = {
			isa = PBXProject;
			attributes = {
				LastSwiftUpdateCheck = 1020;
				LastUpgradeCheck = 1020;
				ORGANIZATIONNAME = "Jonathan Morin";
				TargetAttributes = {
					A29A92D0235E3A7F00356316 = {
						CreatedOnToolsVersion = 10.2.1;
					};
				};
			};
			buildConfigurationList = A29A92CC235E3A7F00356316 /* Build configuration list for PBXProject "infiniteScroll" */;
			compatibilityVersion = "Xcode 9.3";
			developmentRegion = en;
			hasScannedForEncodings = 0;
			knownRegions = (
				en,
				Base,
			);
			mainGroup = A29A92C8235E3A7F00356316;
			productRefGroup = A29A92D2235E3A7F00356316 /* Products */;
			projectDirPath = "";
			projectRoot = "";
			targets = (
				A29A92D0235E3A7F00356316 /* infiniteScroll */,
			);
		};
/* End PBXProject section */

/* Begin PBXResourcesBuildPhase section */
		A29A92CF235E3A7F00356316 /* Resources */ = {
			isa = PBXResourcesBuildPhase;
			buildActionMask = 2147483647;
			files = (
				A29A92DF235E3A8000356316 /* LaunchScreen.storyboard in Resources */,
				A29A92DC235E3A8000356316 /* Assets.xcassets in Resources */,
				A29A92DA235E3A7F00356316 /* Main.storyboard in Resources */,
			);
			runOnlyForDeploymentPostprocessing = 0;
		};
/* End PBXResourcesBuildPhase section */

/* Begin PBXSourcesBuildPhase section */
		A29A92CD235E3A7F00356316 /* Sources */ = {
			isa = PBXSourcesBuildPhase;
			buildActionMask = 2147483647;
			files = (
				A251E24B235F70E2002ED83F /* HorizontalInfiniteScrollProcessor.swift in Sources */,
				A29A92D7235E3A7F00356316 /* ViewController.swift in Sources */,
				A29A92D5235E3A7F00356316 /* AppDelegate.swift in Sources */,
				A251E245235F5BAD002ED83F /* CollectionViewCell.swift in Sources */,
				A251E247235F5F24002ED83F /* Extensions.swift in Sources */,
			);
			runOnlyForDeploymentPostprocessing = 0;
		};
/* End PBXSourcesBuildPhase section */

/* Begin PBXVariantGroup section */
		A29A92D8235E3A7F00356316 /* Main.storyboard */ = {
			isa = PBXVariantGroup;
			children = (
				A29A92D9235E3A7F00356316 /* Base */,
			);
			name = Main.storyboard;
			sourceTree = "<group>";
		};
		A29A92DD235E3A8000356316 /* LaunchScreen.storyboard */ = {
			isa = PBXVariantGroup;
			children = (
				A29A92DE235E3A8000356316 /* Base */,
			);
			name = LaunchScreen.storyboard;
			sourceTree = "<group>";
		};
/* End PBXVariantGroup section */

/* Begin XCBuildConfiguration section */
		A29A92E1235E3A8000356316 /* Debug */ = {
			isa = XCBuildConfiguration;
			buildSettings = {
				ALWAYS_SEARCH_USER_PATHS = NO;
				CLANG_ANALYZER_NONNULL = YES;
				CLANG_ANALYZER_NUMBER_OBJECT_CONVERSION = YES_AGGRESSIVE;
				CLANG_CXX_LANGUAGE_STANDARD = "gnu++14";
				CLANG_CXX_LIBRARY = "libc++";
				CLANG_ENABLE_MODULES = YES;
				CLANG_ENABLE_OBJC_ARC = YES;
				CLANG_ENABLE_OBJC_WEAK = YES;
				CLANG_WARN_BLOCK_CAPTURE_AUTORELEASING = YES;
				CLANG_WARN_BOOL_CONVERSION = YES;
				CLANG_WARN_COMMA = YES;
				CLANG_WARN_CONSTANT_CONVERSION = YES;
				CLANG_WARN_DEPRECATED_OBJC_IMPLEMENTATIONS = YES;
				CLANG_WARN_DIRECT_OBJC_ISA_USAGE = YES_ERROR;
				CLANG_WARN_DOCUMENTATION_COMMENTS = YES;
				CLANG_WARN_EMPTY_BODY = YES;
				CLANG_WARN_ENUM_CONVERSION = YES;
				CLANG_WARN_INFINITE_RECURSION = YES;
				CLANG_WARN_INT_CONVERSION = YES;
				CLANG_WARN_NON_LITERAL_NULL_CONVERSION = YES;
				CLANG_WARN_OBJC_IMPLICIT_RETAIN_SELF = YES;
				CLANG_WARN_OBJC_LITERAL_CONVERSION = YES;
				CLANG_WARN_OBJC_ROOT_CLASS = YES_ERROR;
				CLANG_WARN_RANGE_LOOP_ANALYSIS = YES;
				CLANG_WARN_STRICT_PROTOTYPES = YES;
				CLANG_WARN_SUSPICIOUS_MOVE = YES;
				CLANG_WARN_UNGUARDED_AVAILABILITY = YES_AGGRESSIVE;
				CLANG_WARN_UNREACHABLE_CODE = YES;
				CLANG_WARN__DUPLICATE_METHOD_MATCH = YES;
				CODE_SIGN_IDENTITY = "iPhone Developer";
				COPY_PHASE_STRIP = NO;
				DEBUG_INFORMATION_FORMAT = dwarf;
				ENABLE_STRICT_OBJC_MSGSEND = YES;
				ENABLE_TESTABILITY = YES;
				GCC_C_LANGUAGE_STANDARD = gnu11;
				GCC_DYNAMIC_NO_PIC = NO;
				GCC_NO_COMMON_BLOCKS = YES;
				GCC_OPTIMIZATION_LEVEL = 0;
				GCC_PREPROCESSOR_DEFINITIONS = (
					"DEBUG=1",
					"$(inherited)",
				);
				GCC_WARN_64_TO_32_BIT_CONVERSION = YES;
				GCC_WARN_ABOUT_RETURN_TYPE = YES_ERROR;
				GCC_WARN_UNDECLARED_SELECTOR = YES;
				GCC_WARN_UNINITIALIZED_AUTOS = YES_AGGRESSIVE;
				GCC_WARN_UNUSED_FUNCTION = YES;
				GCC_WARN_UNUSED_VARIABLE = YES;
				IPHONEOS_DEPLOYMENT_TARGET = 12.2;
				MTL_ENABLE_DEBUG_INFO = INCLUDE_SOURCE;
				MTL_FAST_MATH = YES;
				ONLY_ACTIVE_ARCH = YES;
				SDKROOT = iphoneos;
				SWIFT_ACTIVE_COMPILATION_CONDITIONS = DEBUG;
				SWIFT_OPTIMIZATION_LEVEL = "-Onone";
			};
			name = Debug;
		};
		A29A92E2235E3A8000356316 /* Release */ = {
			isa = XCBuildConfiguration;
			buildSettings = {
				ALWAYS_SEARCH_USER_PATHS = NO;
				CLANG_ANALYZER_NONNULL = YES;
				CLANG_ANALYZER_NUMBER_OBJECT_CONVERSION = YES_AGGRESSIVE;
				CLANG_CXX_LANGUAGE_STANDARD = "gnu++14";
				CLANG_CXX_LIBRARY = "libc++";
				CLANG_ENABLE_MODULES = YES;
				CLANG_ENABLE_OBJC_ARC = YES;
				CLANG_ENABLE_OBJC_WEAK = YES;
				CLANG_WARN_BLOCK_CAPTURE_AUTORELEASING = YES;
				CLANG_WARN_BOOL_CONVERSION = YES;
				CLANG_WARN_COMMA = YES;
				CLANG_WARN_CONSTANT_CONVERSION = YES;
				CLANG_WARN_DEPRECATED_OBJC_IMPLEMENTATIONS = YES;
				CLANG_WARN_DIRECT_OBJC_ISA_USAGE = YES_ERROR;
				CLANG_WARN_DOCUMENTATION_COMMENTS = YES;
				CLANG_WARN_EMPTY_BODY = YES;
				CLANG_WARN_ENUM_CONVERSION = YES;
				CLANG_WARN_INFINITE_RECURSION = YES;
				CLANG_WARN_INT_CONVERSION = YES;
				CLANG_WARN_NON_LITERAL_NULL_CONVERSION = YES;
				CLANG_WARN_OBJC_IMPLICIT_RETAIN_SELF = YES;
				CLANG_WARN_OBJC_LITERAL_CONVERSION = YES;
				CLANG_WARN_OBJC_ROOT_CLASS = YES_ERROR;
				CLANG_WARN_RANGE_LOOP_ANALYSIS = YES;
				CLANG_WARN_STRICT_PROTOTYPES = YES;
				CLANG_WARN_SUSPICIOUS_MOVE = YES;
				CLANG_WARN_UNGUARDED_AVAILABILITY = YES_AGGRESSIVE;
				CLANG_WARN_UNREACHABLE_CODE = YES;
				CLANG_WARN__DUPLICATE_METHOD_MATCH = YES;
				CODE_SIGN_IDENTITY = "iPhone Developer";
				COPY_PHASE_STRIP = NO;
				DEBUG_INFORMATION_FORMAT = "dwarf-with-dsym";
				ENABLE_NS_ASSERTIONS = NO;
				ENABLE_STRICT_OBJC_MSGSEND = YES;
				GCC_C_LANGUAGE_STANDARD = gnu11;
				GCC_NO_COMMON_BLOCKS = YES;
				GCC_WARN_64_TO_32_BIT_CONVERSION = YES;
				GCC_WARN_ABOUT_RETURN_TYPE = YES_ERROR;
				GCC_WARN_UNDECLARED_SELECTOR = YES;
				GCC_WARN_UNINITIALIZED_AUTOS = YES_AGGRESSIVE;
				GCC_WARN_UNUSED_FUNCTION = YES;
				GCC_WARN_UNUSED_VARIABLE = YES;
				IPHONEOS_DEPLOYMENT_TARGET = 12.2;
				MTL_ENABLE_DEBUG_INFO = NO;
				MTL_FAST_MATH = YES;
				SDKROOT = iphoneos;
				SWIFT_COMPILATION_MODE = wholemodule;
				SWIFT_OPTIMIZATION_LEVEL = "-O";
				VALIDATE_PRODUCT = YES;
			};
			name = Release;
		};
		A29A92E4235E3A8000356316 /* Debug */ = {
			isa = XCBuildConfiguration;
			buildSettings = {
				ASSETCATALOG_COMPILER_APPICON_NAME = AppIcon;
				CODE_SIGN_STYLE = Automatic;
				DEVELOPMENT_TEAM = QCW9SQ9M2M;
				INFOPLIST_FILE = infiniteScroll/Info.plist;
				LD_RUNPATH_SEARCH_PATHS = (
					"$(inherited)",
					"@executable_path/Frameworks",
				);
				PRODUCT_BUNDLE_IDENTIFIER = com.jmorin.infiniteScroll.infiniteScroll;
				PRODUCT_NAME = "$(TARGET_NAME)";
				SWIFT_VERSION = 5.0;
				TARGETED_DEVICE_FAMILY = "1,2";
			};
			name = Debug;
		};
		A29A92E5235E3A8000356316 /* Release */ = {
			isa = XCBuildConfiguration;
			buildSettings = {
				ASSETCATALOG_COMPILER_APPICON_NAME = AppIcon;
				CODE_SIGN_STYLE = Automatic;
				DEVELOPMENT_TEAM = QCW9SQ9M2M;
				INFOPLIST_FILE = infiniteScroll/Info.plist;
				LD_RUNPATH_SEARCH_PATHS = (
					"$(inherited)",
					"@executable_path/Frameworks",
				);
				PRODUCT_BUNDLE_IDENTIFIER = com.jmorin.infiniteScroll.infiniteScroll;
				PRODUCT_NAME = "$(TARGET_NAME)";
				SWIFT_VERSION = 5.0;
				TARGETED_DEVICE_FAMILY = "1,2";
			};
			name = Release;
		};
/* End XCBuildConfiguration section */

/* Begin XCConfigurationList section */
		A29A92CC235E3A7F00356316 /* Build configuration list for PBXProject "infiniteScroll" */ = {
			isa = XCConfigurationList;
			buildConfigurations = (
				A29A92E1235E3A8000356316 /* Debug */,
				A29A92E2235E3A8000356316 /* Release */,
			);
			defaultConfigurationIsVisible = 0;
			defaultConfigurationName = Release;
		};
		A29A92E3235E3A8000356316 /* Build configuration list for PBXNativeTarget "infiniteScroll" */ = {
			isa = XCConfigurationList;
			buildConfigurations = (
				A29A92E4235E3A8000356316 /* Debug */,
				A29A92E5235E3A8000356316 /* Release */,
			);
			defaultConfigurationIsVisible = 0;
			defaultConfigurationName = Release;
		};
/* End XCConfigurationList section */
	};
	rootObject = A29A92C9235E3A7F00356316 /* Project object */;
}
